// !$*UTF8*$!
{
	archiveVersion = 1;
	classes = {
	};
	objectVersion = 54;
	objects = {

/* Begin PBXBuildFile section */
		C007DB8727718EF9002F6BD6 /* Logo.swift in Sources */ = {isa = PBXBuildFile; fileRef = C007DB8627718EF9002F6BD6 /* Logo.swift */; };
		C007DB892771918B002F6BD6 /* Environment.swift in Sources */ = {isa = PBXBuildFile; fileRef = C007DB882771918B002F6BD6 /* Environment.swift */; };
		C018106F25C049530026A86F /* Double.swift in Sources */ = {isa = PBXBuildFile; fileRef = C018106E25C049530026A86F /* Double.swift */; };
		C019A7582AE967B80001317C /* SpotifyView.swift in Sources */ = {isa = PBXBuildFile; fileRef = C019A7572AE967B80001317C /* SpotifyView.swift */; };
		C01B642B25C860B2004D144F /* LinearGradient.swift in Sources */ = {isa = PBXBuildFile; fileRef = C01B642A25C860B2004D144F /* LinearGradient.swift */; };
		C0244EE3265DA485009C909A /* CoreData.xcdatamodeld in Sources */ = {isa = PBXBuildFile; fileRef = C0244EE1265DA485009C909A /* CoreData.xcdatamodeld */; };
		C032995325CC17A100EB7862 /* College.swift in Sources */ = {isa = PBXBuildFile; fileRef = C032995225CC17A100EB7862 /* College.swift */; };
		C032995B25CC180900EB7862 /* Location.swift in Sources */ = {isa = PBXBuildFile; fileRef = C032995A25CC180900EB7862 /* Location.swift */; };
		C032996025CC187100EB7862 /* Major.swift in Sources */ = {isa = PBXBuildFile; fileRef = C032995F25CC187100EB7862 /* Major.swift */; };
		C032997225CC18CE00EB7862 /* Requirements.swift in Sources */ = {isa = PBXBuildFile; fileRef = C032997125CC18CE00EB7862 /* Requirements.swift */; };
		C032997B25CC192D00EB7862 /* Level.swift in Sources */ = {isa = PBXBuildFile; fileRef = C032997A25CC192D00EB7862 /* Level.swift */; };
		C032998825CC196100EB7862 /* Language.swift in Sources */ = {isa = PBXBuildFile; fileRef = C032998725CC196100EB7862 /* Language.swift */; };
		C039486626279BC0004D5F00 /* ContentViewModel.swift in Sources */ = {isa = PBXBuildFile; fileRef = C039486526279BC0004D5F00 /* ContentViewModel.swift */; };
		C03EA88D274453AC00E07782 /* OEAppearance.swift in Sources */ = {isa = PBXBuildFile; fileRef = C03EA88C274453AC00E07782 /* OEAppearance.swift */; };
		C03EA8AC2747FC6D00E07782 /* FavoritesView.swift in Sources */ = {isa = PBXBuildFile; fileRef = C03EA8AB2747FC6D00E07782 /* FavoritesView.swift */; };
		C041550C2AC5BE8500858055 /* IdaVirumaaKutsehariduskeskus.json in Resources */ = {isa = PBXBuildFile; fileRef = C041550B2AC5BE8500858055 /* IdaVirumaaKutsehariduskeskus.json */; };
		C041550F2AC8535300858055 /* CollegeMapView.swift in Sources */ = {isa = PBXBuildFile; fileRef = C041550E2AC8535300858055 /* CollegeMapView.swift */; };
		C0460DCC25AF0A8F00E4A15D /* OpiEestisApp.swift in Sources */ = {isa = PBXBuildFile; fileRef = C0460DCB25AF0A8F00E4A15D /* OpiEestisApp.swift */; };
		C0460DD025AF0A9200E4A15D /* Assets.xcassets in Resources */ = {isa = PBXBuildFile; fileRef = C0460DCF25AF0A9200E4A15D /* Assets.xcassets */; };
		C0460DD325AF0A9200E4A15D /* Preview Assets.xcassets in Resources */ = {isa = PBXBuildFile; fileRef = C0460DD225AF0A9200E4A15D /* Preview Assets.xcassets */; };
		C0460DDE25AF0A9200E4A15D /* O_pi_EestisTests.swift in Sources */ = {isa = PBXBuildFile; fileRef = C0460DDD25AF0A9200E4A15D /* O_pi_EestisTests.swift */; };
		C0460DE925AF0A9200E4A15D /* O_pi_EestisUITests.swift in Sources */ = {isa = PBXBuildFile; fileRef = C0460DE825AF0A9200E4A15D /* O_pi_EestisUITests.swift */; };
		C0460E1225AF0C2700E4A15D /* AboutView.swift in Sources */ = {isa = PBXBuildFile; fileRef = C0460E0625AF0C2600E4A15D /* AboutView.swift */; };
		C0460E1725AF0C2700E4A15D /* ContentView.swift in Sources */ = {isa = PBXBuildFile; fileRef = C0460E0B25AF0C2600E4A15D /* ContentView.swift */; };
		C0460E3F25AF0D8A00E4A15D /* Mail.swift in Sources */ = {isa = PBXBuildFile; fileRef = C0460E3625AF0D8A00E4A15D /* Mail.swift */; };
		C0460E4F25AF0DDD00E4A15D /* Button Configure.swift in Sources */ = {isa = PBXBuildFile; fileRef = C0460E4C25AF0DDD00E4A15D /* Button Configure.swift */; };
		C0460E5125AF0DDD00E4A15D /* View.swift in Sources */ = {isa = PBXBuildFile; fileRef = C0460E4E25AF0DDD00E4A15D /* View.swift */; };
		C0460E7025AF0E8100E4A15D /* Mariah.swift in Sources */ = {isa = PBXBuildFile; fileRef = C0460E6825AF0E8100E4A15D /* Mariah.swift */; };
		C0460EB825AF113300E4A15D /* Color.swift in Sources */ = {isa = PBXBuildFile; fileRef = C0460EB725AF113300E4A15D /* Color.swift */; };
		C04CFC1B2AC99194001CB1CD /* CollegeMapViewModel.swift in Sources */ = {isa = PBXBuildFile; fileRef = C04CFC1A2AC99194001CB1CD /* CollegeMapViewModel.swift */; };
		C0518904274BE5AD00C4F352 /* Personnel.swift in Sources */ = {isa = PBXBuildFile; fileRef = C0518903274BE5AD00C4F352 /* Personnel.swift */; };
		C056AFC227704C5C00D4F9CA /* MapView.swift in Sources */ = {isa = PBXBuildFile; fileRef = C056AFC127704C5C00D4F9CA /* MapView.swift */; };
		C061A35B2AC49184003D8D01 /* TallinnaMajanduskool.json in Resources */ = {isa = PBXBuildFile; fileRef = C061A35A2AC49184003D8D01 /* TallinnaMajanduskool.json */; };
		C06ED5D826AAEDED00E5812A /* Cost.swift in Sources */ = {isa = PBXBuildFile; fileRef = C06ED5D726AAEDED00E5812A /* Cost.swift */; };
		C0755B96271793050045F6DC /* TÜ.json in Resources */ = {isa = PBXBuildFile; fileRef = C0755B95271793050045F6DC /* TÜ.json */; };
		C09868932766F0DA00C18C44 /* Chevron.swift in Sources */ = {isa = PBXBuildFile; fileRef = C09868922766F0DA00C18C44 /* Chevron.swift */; };
		C0B6D17A2AB6273E009218FC /* Theme.swift in Sources */ = {isa = PBXBuildFile; fileRef = C0B6D1792AB6273E009218FC /* Theme.swift */; };
		C0B6D17C2AB639CB009218FC /* BackButton.swift in Sources */ = {isa = PBXBuildFile; fileRef = C0B6D17B2AB639CB009218FC /* BackButton.swift */; };
		C0B6D17E2AB64838009218FC /* Header.swift in Sources */ = {isa = PBXBuildFile; fileRef = C0B6D17D2AB64838009218FC /* Header.swift */; };
		C0B93FBD265271FD00CE9130 /* CourseView.swift in Sources */ = {isa = PBXBuildFile; fileRef = C0B93FBC265271FD00CE9130 /* CourseView.swift */; };
		C0BFA256272D40E40025BD1E /* UINavigationController.swift in Sources */ = {isa = PBXBuildFile; fileRef = C0BFA255272D40E40025BD1E /* UINavigationController.swift */; };
		C0C59E142A8A5CC800423948 /* PathManager.swift in Sources */ = {isa = PBXBuildFile; fileRef = C0C59E132A8A5CC800423948 /* PathManager.swift */; };
		C0C59E162A8A5DC100423948 /* CollegeListViewModel.swift in Sources */ = {isa = PBXBuildFile; fileRef = C0C59E152A8A5DC100423948 /* CollegeListViewModel.swift */; };
		C0C59E182A8D4FD600423948 /* FavoritesViewModel.swift in Sources */ = {isa = PBXBuildFile; fileRef = C0C59E172A8D4FD600423948 /* FavoritesViewModel.swift */; };
		C0C59E1A2A90C69500423948 /* Sequence+Extension.swift in Sources */ = {isa = PBXBuildFile; fileRef = C0C59E192A90C69500423948 /* Sequence+Extension.swift */; };
		C0C59E1E2AA1268900423948 /* MKMapSnapshotter+Extension.swift in Sources */ = {isa = PBXBuildFile; fileRef = C0C59E1D2AA1268900423948 /* MKMapSnapshotter+Extension.swift */; };
		C0C59E202AA1280000423948 /* CollegeView.Headers.swift in Sources */ = {isa = PBXBuildFile; fileRef = C0C59E1F2AA1280000423948 /* CollegeView.Headers.swift */; };
		C0C59E222AA1284400423948 /* CollegeView.Cells.swift in Sources */ = {isa = PBXBuildFile; fileRef = C0C59E212AA1284400423948 /* CollegeView.Cells.swift */; };
		C0C59E242AA1289100423948 /* CollegeView.Buttons.swift in Sources */ = {isa = PBXBuildFile; fileRef = C0C59E232AA1289100423948 /* CollegeView.Buttons.swift */; };
		C0C59E262AA2474E00423948 /* CollegeClusterView.swift in Sources */ = {isa = PBXBuildFile; fileRef = C0C59E252AA2474E00423948 /* CollegeClusterView.swift */; };
		C0C59E282AA2478300423948 /* CollegeAnnotationView.swift in Sources */ = {isa = PBXBuildFile; fileRef = C0C59E272AA2478300423948 /* CollegeAnnotationView.swift */; };
		C0C59E2A2AA247C600423948 /* ClusteredMapView.swift in Sources */ = {isa = PBXBuildFile; fileRef = C0C59E292AA247C600423948 /* ClusteredMapView.swift */; };
		C0C59E2C2AA25FFE00423948 /* Palette.swift in Sources */ = {isa = PBXBuildFile; fileRef = C0C59E2B2AA25FFE00423948 /* Palette.swift */; };
		C0C59E2E2AA2601E00423948 /* Link.swift in Sources */ = {isa = PBXBuildFile; fileRef = C0C59E2D2AA2601E00423948 /* Link.swift */; };
		C0C59E302AA2613900423948 /* Module.swift in Sources */ = {isa = PBXBuildFile; fileRef = C0C59E2F2AA2613900423948 /* Module.swift */; };
		C0C59E322AA2614B00423948 /* Submodule.swift in Sources */ = {isa = PBXBuildFile; fileRef = C0C59E312AA2614B00423948 /* Submodule.swift */; };
		C0C59E342AA2615E00423948 /* SubSubModule.swift in Sources */ = {isa = PBXBuildFile; fileRef = C0C59E332AA2615E00423948 /* SubSubModule.swift */; };
		C0C59E362AA2616E00423948 /* Course.swift in Sources */ = {isa = PBXBuildFile; fileRef = C0C59E352AA2616E00423948 /* Course.swift */; };
		C0C59E382AA2618600423948 /* Currency.swift in Sources */ = {isa = PBXBuildFile; fileRef = C0C59E372AA2618600423948 /* Currency.swift */; };
		C0C59E3A2AA261BD00423948 /* Interval.swift in Sources */ = {isa = PBXBuildFile; fileRef = C0C59E392AA261BD00423948 /* Interval.swift */; };
		C0C59E3E2AA8D59600423948 /* NetworkManager.swift in Sources */ = {isa = PBXBuildFile; fileRef = C0C59E3D2AA8D59600423948 /* NetworkManager.swift */; };
		C0C59E402AA8D5BE00423948 /* MapServiceManager.swift in Sources */ = {isa = PBXBuildFile; fileRef = C0C59E3F2AA8D5BE00423948 /* MapServiceManager.swift */; };
		C0C59E432AA8E23100423948 /* ProfileView.swift in Sources */ = {isa = PBXBuildFile; fileRef = C0C59E422AA8E23100423948 /* ProfileView.swift */; };
		C0C59E452AAA083900423948 /* CollegeMajorView+Objects.swift in Sources */ = {isa = PBXBuildFile; fileRef = C0C59E442AAA083900423948 /* CollegeMajorView+Objects.swift */; };
		C0C59E472AB4A45400423948 /* String+Extensions.swift in Sources */ = {isa = PBXBuildFile; fileRef = C0C59E462AB4A45400423948 /* String+Extensions.swift */; };
		C0CE189E2AE7F0EC008288F2 /* AppPrincipal.swift in Sources */ = {isa = PBXBuildFile; fileRef = C0CE189D2AE7F0EC008288F2 /* AppPrincipal.swift */; };
		C0CE18A12AE81364008288F2 /* YoutubeView.swift in Sources */ = {isa = PBXBuildFile; fileRef = C0CE18A02AE81364008288F2 /* YoutubeView.swift */; };
		C0CE18A42AE8397D008288F2 /* VimeoView.swift in Sources */ = {isa = PBXBuildFile; fileRef = C0CE18A32AE8397D008288F2 /* VimeoView.swift */; };
		C0D214432715B688000AD3D0 /* TallinnaTervishoid.json in Resources */ = {isa = PBXBuildFile; fileRef = C0D214422715B688000AD3D0 /* TallinnaTervishoid.json */; };
		C0D2144B2715C147000AD3D0 /* Pallas.json in Resources */ = {isa = PBXBuildFile; fileRef = C0D214462715C143000AD3D0 /* Pallas.json */; };
		C0D2144C2715C147000AD3D0 /* Kunstiakadeemia.json in Resources */ = {isa = PBXBuildFile; fileRef = C0D214472715C144000AD3D0 /* Kunstiakadeemia.json */; };
		C0D2144D2715C147000AD3D0 /* Lennuakadeemia.json in Resources */ = {isa = PBXBuildFile; fileRef = C0D214482715C145000AD3D0 /* Lennuakadeemia.json */; };
		C0D2144E2715C147000AD3D0 /* Mainor.json in Resources */ = {isa = PBXBuildFile; fileRef = C0D214492715C146000AD3D0 /* Mainor.json */; };
		C0D2144F2715C147000AD3D0 /* TTK.json in Resources */ = {isa = PBXBuildFile; fileRef = C0D2144A2715C147000AD3D0 /* TTK.json */; };
		C0D214512715C74D000AD3D0 /* EBS.json in Resources */ = {isa = PBXBuildFile; fileRef = C0D214502715C74D000AD3D0 /* EBS.json */; };
		C0D214532715C7D4000AD3D0 /* Kaitsevägi.json in Resources */ = {isa = PBXBuildFile; fileRef = C0D214522715C7D4000AD3D0 /* Kaitsevägi.json */; };
		C0D214552715C894000AD3D0 /* Muusikaakadeemia.json in Resources */ = {isa = PBXBuildFile; fileRef = C0D214542715C894000AD3D0 /* Muusikaakadeemia.json */; };
		C0D214572715C939000AD3D0 /* Sisekaitseakadeemia.json in Resources */ = {isa = PBXBuildFile; fileRef = C0D214562715C939000AD3D0 /* Sisekaitseakadeemia.json */; };
		C0D214592715CA5C000AD3D0 /* TartuTervishoid.json in Resources */ = {isa = PBXBuildFile; fileRef = C0D214582715CA5C000AD3D0 /* TartuTervishoid.json */; };
		C0D2145B2715E773000AD3D0 /* TTÜ.json in Resources */ = {isa = PBXBuildFile; fileRef = C0D2145A2715E773000AD3D0 /* TTÜ.json */; };
		C0D214C3271639EF000AD3D0 /* TLÜ.json in Resources */ = {isa = PBXBuildFile; fileRef = C0D214C2271639EE000AD3D0 /* TLÜ.json */; };
		C0E7F7BC26B047BE00AAD132 /* City.swift in Sources */ = {isa = PBXBuildFile; fileRef = C0E7F7BB26B047BE00AAD132 /* City.swift */; };
		C0F476CF25C197140082A20F /* Array.swift in Sources */ = {isa = PBXBuildFile; fileRef = C0F476CE25C197140082A20F /* Array.swift */; };
		C0F85B332A7195EB007A65F7 /* FirebaseAuth in Frameworks */ = {isa = PBXBuildFile; productRef = C0F85B322A7195EB007A65F7 /* FirebaseAuth */; };
		C0F85B352A7195EB007A65F7 /* FirebaseFirestore in Frameworks */ = {isa = PBXBuildFile; productRef = C0F85B342A7195EB007A65F7 /* FirebaseFirestore */; };
		C0F85B372A7195EB007A65F7 /* FirebaseStorage in Frameworks */ = {isa = PBXBuildFile; productRef = C0F85B362A7195EB007A65F7 /* FirebaseStorage */; };
		C0F85B392A719D54007A65F7 /* GoogleService-Info.plist in Resources */ = {isa = PBXBuildFile; fileRef = C0F85B382A719D54007A65F7 /* GoogleService-Info.plist */; };
		C0F85B3C2A71B30A007A65F7 /* FirebaseManager.swift in Sources */ = {isa = PBXBuildFile; fileRef = C0F85B3B2A71B30A007A65F7 /* FirebaseManager.swift */; };
		C0F85B3E2A71BBD2007A65F7 /* Optional+Extension.swift in Sources */ = {isa = PBXBuildFile; fileRef = C0F85B3D2A71BBD2007A65F7 /* Optional+Extension.swift */; };
		C0F85B412A71BCDA007A65F7 /* FirebaseDatabase in Frameworks */ = {isa = PBXBuildFile; productRef = C0F85B402A71BCDA007A65F7 /* FirebaseDatabase */; };
		C0F85B432A71BCE7007A65F7 /* FirebaseFirestoreSwift in Frameworks */ = {isa = PBXBuildFile; productRef = C0F85B422A71BCE7007A65F7 /* FirebaseFirestoreSwift */; };
		C0F85B452A73DA77007A65F7 /* CollegeListView.swift in Sources */ = {isa = PBXBuildFile; fileRef = C0F85B442A73DA77007A65F7 /* CollegeListView.swift */; };
		C0F85B472A73DADB007A65F7 /* CollegeView.swift in Sources */ = {isa = PBXBuildFile; fileRef = C0F85B462A73DADB007A65F7 /* CollegeView.swift */; };
		C0F85B492A73E243007A65F7 /* Text+Extension.swift in Sources */ = {isa = PBXBuildFile; fileRef = C0F85B482A73E243007A65F7 /* Text+Extension.swift */; };
		C0F85B4C2A743482007A65F7 /* CollegeViewModel.swift in Sources */ = {isa = PBXBuildFile; fileRef = C0F85B4B2A743482007A65F7 /* CollegeViewModel.swift */; };
		C0F85B4E2A74FC17007A65F7 /* ImageManager.swift in Sources */ = {isa = PBXBuildFile; fileRef = C0F85B4D2A74FC17007A65F7 /* ImageManager.swift */; };
		C0F85B502A750E96007A65F7 /* DependencyManager.swift in Sources */ = {isa = PBXBuildFile; fileRef = C0F85B4F2A750E96007A65F7 /* DependencyManager.swift */; };
		C0F85B522A753240007A65F7 /* EdgeInsets+Extension.swift in Sources */ = {isa = PBXBuildFile; fileRef = C0F85B512A753240007A65F7 /* EdgeInsets+Extension.swift */; };
		C0F85B542A77FA93007A65F7 /* MajorsView.swift in Sources */ = {isa = PBXBuildFile; fileRef = C0F85B532A77FA93007A65F7 /* MajorsView.swift */; };
		C0F85B562A781E3E007A65F7 /* UserDefaultsManager.swift in Sources */ = {isa = PBXBuildFile; fileRef = C0F85B552A781E3E007A65F7 /* UserDefaultsManager.swift */; };
		C0F85B582A782AE2007A65F7 /* MajorsViewModel.swift in Sources */ = {isa = PBXBuildFile; fileRef = C0F85B572A782AE2007A65F7 /* MajorsViewModel.swift */; };
		C0F85B632A7EA73E007A65F7 /* CollegeMajorView.swift in Sources */ = {isa = PBXBuildFile; fileRef = C0F85B622A7EA73E007A65F7 /* CollegeMajorView.swift */; };
		C0F85B652A8000A3007A65F7 /* CollegeMajorViewModel.swift in Sources */ = {isa = PBXBuildFile; fileRef = C0F85B642A8000A3007A65F7 /* CollegeMajorViewModel.swift */; };
		C0F85B672A81249F007A65F7 /* EMU.json in Resources */ = {isa = PBXBuildFile; fileRef = C0F85B662A81249F007A65F7 /* EMU.json */; };
		C0F85B6B2A8392D4007A65F7 /* MarkerView.swift in Sources */ = {isa = PBXBuildFile; fileRef = C0F85B6A2A8392D4007A65F7 /* MarkerView.swift */; };
/* End PBXBuildFile section */

/* Begin PBXContainerItemProxy section */
		C0460DDA25AF0A9200E4A15D /* PBXContainerItemProxy */ = {
			isa = PBXContainerItemProxy;
			containerPortal = C0460DC025AF0A8E00E4A15D /* Project object */;
			proxyType = 1;
			remoteGlobalIDString = C0460DC725AF0A8F00E4A15D;
			remoteInfo = "Õpi Eestis";
		};
		C0460DE525AF0A9200E4A15D /* PBXContainerItemProxy */ = {
			isa = PBXContainerItemProxy;
			containerPortal = C0460DC025AF0A8E00E4A15D /* Project object */;
			proxyType = 1;
			remoteGlobalIDString = C0460DC725AF0A8F00E4A15D;
			remoteInfo = "Õpi Eestis";
		};
/* End PBXContainerItemProxy section */

/* Begin PBXFileReference section */
		C007DB8627718EF9002F6BD6 /* Logo.swift */ = {isa = PBXFileReference; lastKnownFileType = sourcecode.swift; path = Logo.swift; sourceTree = "<group>"; };
		C007DB882771918B002F6BD6 /* Environment.swift */ = {isa = PBXFileReference; lastKnownFileType = sourcecode.swift; path = Environment.swift; sourceTree = "<group>"; };
		C018106E25C049530026A86F /* Double.swift */ = {isa = PBXFileReference; lastKnownFileType = sourcecode.swift; path = Double.swift; sourceTree = "<group>"; };
		C019A7572AE967B80001317C /* SpotifyView.swift */ = {isa = PBXFileReference; lastKnownFileType = sourcecode.swift; path = SpotifyView.swift; sourceTree = "<group>"; };
		C01B642A25C860B2004D144F /* LinearGradient.swift */ = {isa = PBXFileReference; lastKnownFileType = sourcecode.swift; path = LinearGradient.swift; sourceTree = "<group>"; };
		C0244EE2265DA485009C909A /* CoreData.xcdatamodel */ = {isa = PBXFileReference; lastKnownFileType = wrapper.xcdatamodel; path = CoreData.xcdatamodel; sourceTree = "<group>"; };
		C032995225CC17A100EB7862 /* College.swift */ = {isa = PBXFileReference; lastKnownFileType = sourcecode.swift; path = College.swift; sourceTree = "<group>"; };
		C032995A25CC180900EB7862 /* Location.swift */ = {isa = PBXFileReference; lastKnownFileType = sourcecode.swift; path = Location.swift; sourceTree = "<group>"; };
		C032995F25CC187100EB7862 /* Major.swift */ = {isa = PBXFileReference; lastKnownFileType = sourcecode.swift; path = Major.swift; sourceTree = "<group>"; };
		C032997125CC18CE00EB7862 /* Requirements.swift */ = {isa = PBXFileReference; lastKnownFileType = sourcecode.swift; path = Requirements.swift; sourceTree = "<group>"; };
		C032997A25CC192D00EB7862 /* Level.swift */ = {isa = PBXFileReference; lastKnownFileType = sourcecode.swift; path = Level.swift; sourceTree = "<group>"; };
		C032998725CC196100EB7862 /* Language.swift */ = {isa = PBXFileReference; lastKnownFileType = sourcecode.swift; path = Language.swift; sourceTree = "<group>"; };
		C039486526279BC0004D5F00 /* ContentViewModel.swift */ = {isa = PBXFileReference; lastKnownFileType = sourcecode.swift; path = ContentViewModel.swift; sourceTree = "<group>"; };
		C03EA88C274453AC00E07782 /* OEAppearance.swift */ = {isa = PBXFileReference; lastKnownFileType = sourcecode.swift; path = OEAppearance.swift; sourceTree = "<group>"; };
		C03EA8AB2747FC6D00E07782 /* FavoritesView.swift */ = {isa = PBXFileReference; lastKnownFileType = sourcecode.swift; path = FavoritesView.swift; sourceTree = "<group>"; };
		C041550B2AC5BE8500858055 /* IdaVirumaaKutsehariduskeskus.json */ = {isa = PBXFileReference; fileEncoding = 4; lastKnownFileType = text.json; path = IdaVirumaaKutsehariduskeskus.json; sourceTree = "<group>"; };
		C041550E2AC8535300858055 /* CollegeMapView.swift */ = {isa = PBXFileReference; lastKnownFileType = sourcecode.swift; path = CollegeMapView.swift; sourceTree = "<group>"; };
		C0460DC825AF0A8F00E4A15D /* Õpi Eestis.app */ = {isa = PBXFileReference; explicitFileType = wrapper.application; includeInIndex = 0; path = "Õpi Eestis.app"; sourceTree = BUILT_PRODUCTS_DIR; };
		C0460DCB25AF0A8F00E4A15D /* OpiEestisApp.swift */ = {isa = PBXFileReference; lastKnownFileType = sourcecode.swift; path = OpiEestisApp.swift; sourceTree = "<group>"; };
		C0460DCF25AF0A9200E4A15D /* Assets.xcassets */ = {isa = PBXFileReference; lastKnownFileType = folder.assetcatalog; path = Assets.xcassets; sourceTree = "<group>"; };
		C0460DD225AF0A9200E4A15D /* Preview Assets.xcassets */ = {isa = PBXFileReference; lastKnownFileType = folder.assetcatalog; path = "Preview Assets.xcassets"; sourceTree = "<group>"; };
		C0460DD425AF0A9200E4A15D /* Info.plist */ = {isa = PBXFileReference; lastKnownFileType = text.plist.xml; path = Info.plist; sourceTree = "<group>"; };
		C0460DD925AF0A9200E4A15D /* Õpi EestisTests.xctest */ = {isa = PBXFileReference; explicitFileType = wrapper.cfbundle; includeInIndex = 0; path = "Õpi EestisTests.xctest"; sourceTree = BUILT_PRODUCTS_DIR; };
		C0460DDD25AF0A9200E4A15D /* O_pi_EestisTests.swift */ = {isa = PBXFileReference; lastKnownFileType = sourcecode.swift; path = O_pi_EestisTests.swift; sourceTree = "<group>"; };
		C0460DDF25AF0A9200E4A15D /* Info.plist */ = {isa = PBXFileReference; lastKnownFileType = text.plist.xml; path = Info.plist; sourceTree = "<group>"; };
		C0460DE425AF0A9200E4A15D /* Õpi EestisUITests.xctest */ = {isa = PBXFileReference; explicitFileType = wrapper.cfbundle; includeInIndex = 0; path = "Õpi EestisUITests.xctest"; sourceTree = BUILT_PRODUCTS_DIR; };
		C0460DE825AF0A9200E4A15D /* O_pi_EestisUITests.swift */ = {isa = PBXFileReference; lastKnownFileType = sourcecode.swift; path = O_pi_EestisUITests.swift; sourceTree = "<group>"; };
		C0460DEA25AF0A9200E4A15D /* Info.plist */ = {isa = PBXFileReference; lastKnownFileType = text.plist.xml; path = Info.plist; sourceTree = "<group>"; };
		C0460E0625AF0C2600E4A15D /* AboutView.swift */ = {isa = PBXFileReference; fileEncoding = 4; lastKnownFileType = sourcecode.swift; path = AboutView.swift; sourceTree = "<group>"; };
		C0460E0B25AF0C2600E4A15D /* ContentView.swift */ = {isa = PBXFileReference; fileEncoding = 4; lastKnownFileType = sourcecode.swift; path = ContentView.swift; sourceTree = "<group>"; };
		C0460E3625AF0D8A00E4A15D /* Mail.swift */ = {isa = PBXFileReference; fileEncoding = 4; lastKnownFileType = sourcecode.swift; path = Mail.swift; sourceTree = "<group>"; };
		C0460E4C25AF0DDD00E4A15D /* Button Configure.swift */ = {isa = PBXFileReference; fileEncoding = 4; lastKnownFileType = sourcecode.swift; path = "Button Configure.swift"; sourceTree = "<group>"; };
		C0460E4E25AF0DDD00E4A15D /* View.swift */ = {isa = PBXFileReference; fileEncoding = 4; lastKnownFileType = sourcecode.swift; path = View.swift; sourceTree = "<group>"; };
		C0460E6825AF0E8100E4A15D /* Mariah.swift */ = {isa = PBXFileReference; fileEncoding = 4; lastKnownFileType = sourcecode.swift; path = Mariah.swift; sourceTree = "<group>"; };
		C0460EB725AF113300E4A15D /* Color.swift */ = {isa = PBXFileReference; lastKnownFileType = sourcecode.swift; path = Color.swift; sourceTree = "<group>"; };
		C04CFC1A2AC99194001CB1CD /* CollegeMapViewModel.swift */ = {isa = PBXFileReference; lastKnownFileType = sourcecode.swift; path = CollegeMapViewModel.swift; sourceTree = "<group>"; };
		C0518903274BE5AD00C4F352 /* Personnel.swift */ = {isa = PBXFileReference; lastKnownFileType = sourcecode.swift; path = Personnel.swift; sourceTree = "<group>"; };
		C056AFC127704C5C00D4F9CA /* MapView.swift */ = {isa = PBXFileReference; lastKnownFileType = sourcecode.swift; path = MapView.swift; sourceTree = "<group>"; };
		C061A35A2AC49184003D8D01 /* TallinnaMajanduskool.json */ = {isa = PBXFileReference; fileEncoding = 4; lastKnownFileType = text.json; path = TallinnaMajanduskool.json; sourceTree = "<group>"; };
		C06ED5D726AAEDED00E5812A /* Cost.swift */ = {isa = PBXFileReference; lastKnownFileType = sourcecode.swift; path = Cost.swift; sourceTree = "<group>"; };
		C0755B95271793050045F6DC /* TÜ.json */ = {isa = PBXFileReference; fileEncoding = 4; lastKnownFileType = text.json; path = "TÜ.json"; sourceTree = "<group>"; };
		C09868922766F0DA00C18C44 /* Chevron.swift */ = {isa = PBXFileReference; lastKnownFileType = sourcecode.swift; path = Chevron.swift; sourceTree = "<group>"; };
		C0B6D1792AB6273E009218FC /* Theme.swift */ = {isa = PBXFileReference; lastKnownFileType = sourcecode.swift; path = Theme.swift; sourceTree = "<group>"; };
		C0B6D17B2AB639CB009218FC /* BackButton.swift */ = {isa = PBXFileReference; lastKnownFileType = sourcecode.swift; path = BackButton.swift; sourceTree = "<group>"; };
		C0B6D17D2AB64838009218FC /* Header.swift */ = {isa = PBXFileReference; lastKnownFileType = sourcecode.swift; path = Header.swift; sourceTree = "<group>"; };
		C0B93FBC265271FD00CE9130 /* CourseView.swift */ = {isa = PBXFileReference; lastKnownFileType = sourcecode.swift; path = CourseView.swift; sourceTree = "<group>"; };
		C0BFA255272D40E40025BD1E /* UINavigationController.swift */ = {isa = PBXFileReference; lastKnownFileType = sourcecode.swift; path = UINavigationController.swift; sourceTree = "<group>"; };
		C0C59E132A8A5CC800423948 /* PathManager.swift */ = {isa = PBXFileReference; lastKnownFileType = sourcecode.swift; path = PathManager.swift; sourceTree = "<group>"; };
		C0C59E152A8A5DC100423948 /* CollegeListViewModel.swift */ = {isa = PBXFileReference; lastKnownFileType = sourcecode.swift; path = CollegeListViewModel.swift; sourceTree = "<group>"; };
		C0C59E172A8D4FD600423948 /* FavoritesViewModel.swift */ = {isa = PBXFileReference; lastKnownFileType = sourcecode.swift; path = FavoritesViewModel.swift; sourceTree = "<group>"; };
		C0C59E192A90C69500423948 /* Sequence+Extension.swift */ = {isa = PBXFileReference; lastKnownFileType = sourcecode.swift; path = "Sequence+Extension.swift"; sourceTree = "<group>"; };
		C0C59E1D2AA1268900423948 /* MKMapSnapshotter+Extension.swift */ = {isa = PBXFileReference; lastKnownFileType = sourcecode.swift; path = "MKMapSnapshotter+Extension.swift"; sourceTree = "<group>"; };
		C0C59E1F2AA1280000423948 /* CollegeView.Headers.swift */ = {isa = PBXFileReference; lastKnownFileType = sourcecode.swift; path = CollegeView.Headers.swift; sourceTree = "<group>"; };
		C0C59E212AA1284400423948 /* CollegeView.Cells.swift */ = {isa = PBXFileReference; lastKnownFileType = sourcecode.swift; path = CollegeView.Cells.swift; sourceTree = "<group>"; };
		C0C59E232AA1289100423948 /* CollegeView.Buttons.swift */ = {isa = PBXFileReference; lastKnownFileType = sourcecode.swift; path = CollegeView.Buttons.swift; sourceTree = "<group>"; };
		C0C59E252AA2474E00423948 /* CollegeClusterView.swift */ = {isa = PBXFileReference; lastKnownFileType = sourcecode.swift; path = CollegeClusterView.swift; sourceTree = "<group>"; };
		C0C59E272AA2478300423948 /* CollegeAnnotationView.swift */ = {isa = PBXFileReference; lastKnownFileType = sourcecode.swift; path = CollegeAnnotationView.swift; sourceTree = "<group>"; };
		C0C59E292AA247C600423948 /* ClusteredMapView.swift */ = {isa = PBXFileReference; lastKnownFileType = sourcecode.swift; path = ClusteredMapView.swift; sourceTree = "<group>"; };
		C0C59E2B2AA25FFE00423948 /* Palette.swift */ = {isa = PBXFileReference; lastKnownFileType = sourcecode.swift; path = Palette.swift; sourceTree = "<group>"; };
		C0C59E2D2AA2601E00423948 /* Link.swift */ = {isa = PBXFileReference; lastKnownFileType = sourcecode.swift; path = Link.swift; sourceTree = "<group>"; };
		C0C59E2F2AA2613900423948 /* Module.swift */ = {isa = PBXFileReference; lastKnownFileType = sourcecode.swift; path = Module.swift; sourceTree = "<group>"; };
		C0C59E312AA2614B00423948 /* Submodule.swift */ = {isa = PBXFileReference; lastKnownFileType = sourcecode.swift; path = Submodule.swift; sourceTree = "<group>"; };
		C0C59E332AA2615E00423948 /* SubSubModule.swift */ = {isa = PBXFileReference; lastKnownFileType = sourcecode.swift; path = SubSubModule.swift; sourceTree = "<group>"; };
		C0C59E352AA2616E00423948 /* Course.swift */ = {isa = PBXFileReference; lastKnownFileType = sourcecode.swift; path = Course.swift; sourceTree = "<group>"; };
		C0C59E372AA2618600423948 /* Currency.swift */ = {isa = PBXFileReference; lastKnownFileType = sourcecode.swift; path = Currency.swift; sourceTree = "<group>"; };
		C0C59E392AA261BD00423948 /* Interval.swift */ = {isa = PBXFileReference; lastKnownFileType = sourcecode.swift; path = Interval.swift; sourceTree = "<group>"; };
		C0C59E3D2AA8D59600423948 /* NetworkManager.swift */ = {isa = PBXFileReference; lastKnownFileType = sourcecode.swift; path = NetworkManager.swift; sourceTree = "<group>"; };
		C0C59E3F2AA8D5BE00423948 /* MapServiceManager.swift */ = {isa = PBXFileReference; lastKnownFileType = sourcecode.swift; path = MapServiceManager.swift; sourceTree = "<group>"; };
		C0C59E422AA8E23100423948 /* ProfileView.swift */ = {isa = PBXFileReference; lastKnownFileType = sourcecode.swift; path = ProfileView.swift; sourceTree = "<group>"; };
		C0C59E442AAA083900423948 /* CollegeMajorView+Objects.swift */ = {isa = PBXFileReference; lastKnownFileType = sourcecode.swift; path = "CollegeMajorView+Objects.swift"; sourceTree = "<group>"; };
		C0C59E462AB4A45400423948 /* String+Extensions.swift */ = {isa = PBXFileReference; lastKnownFileType = sourcecode.swift; path = "String+Extensions.swift"; sourceTree = "<group>"; };
		C0CE189D2AE7F0EC008288F2 /* AppPrincipal.swift */ = {isa = PBXFileReference; lastKnownFileType = sourcecode.swift; path = AppPrincipal.swift; sourceTree = "<group>"; };
		C0CE18A02AE81364008288F2 /* YoutubeView.swift */ = {isa = PBXFileReference; lastKnownFileType = sourcecode.swift; path = YoutubeView.swift; sourceTree = "<group>"; };
		C0CE18A32AE8397D008288F2 /* VimeoView.swift */ = {isa = PBXFileReference; lastKnownFileType = sourcecode.swift; path = VimeoView.swift; sourceTree = "<group>"; };
		C0D214422715B688000AD3D0 /* TallinnaTervishoid.json */ = {isa = PBXFileReference; fileEncoding = 4; lastKnownFileType = text.json; path = TallinnaTervishoid.json; sourceTree = "<group>"; };
		C0D214462715C143000AD3D0 /* Pallas.json */ = {isa = PBXFileReference; fileEncoding = 4; lastKnownFileType = text.json; path = Pallas.json; sourceTree = "<group>"; };
		C0D214472715C144000AD3D0 /* Kunstiakadeemia.json */ = {isa = PBXFileReference; fileEncoding = 4; lastKnownFileType = text.json; path = Kunstiakadeemia.json; sourceTree = "<group>"; };
		C0D214482715C145000AD3D0 /* Lennuakadeemia.json */ = {isa = PBXFileReference; fileEncoding = 4; lastKnownFileType = text.json; path = Lennuakadeemia.json; sourceTree = "<group>"; };
		C0D214492715C146000AD3D0 /* Mainor.json */ = {isa = PBXFileReference; fileEncoding = 4; lastKnownFileType = text.json; path = Mainor.json; sourceTree = "<group>"; };
		C0D2144A2715C147000AD3D0 /* TTK.json */ = {isa = PBXFileReference; fileEncoding = 4; lastKnownFileType = text.json; path = TTK.json; sourceTree = "<group>"; };
		C0D214502715C74D000AD3D0 /* EBS.json */ = {isa = PBXFileReference; fileEncoding = 4; lastKnownFileType = text.json; path = EBS.json; sourceTree = "<group>"; };
		C0D214522715C7D4000AD3D0 /* Kaitsevägi.json */ = {isa = PBXFileReference; fileEncoding = 4; lastKnownFileType = text.json; path = "Kaitsevägi.json"; sourceTree = "<group>"; };
		C0D214542715C894000AD3D0 /* Muusikaakadeemia.json */ = {isa = PBXFileReference; fileEncoding = 4; lastKnownFileType = text.json; path = Muusikaakadeemia.json; sourceTree = "<group>"; };
		C0D214562715C939000AD3D0 /* Sisekaitseakadeemia.json */ = {isa = PBXFileReference; fileEncoding = 4; lastKnownFileType = text.json; path = Sisekaitseakadeemia.json; sourceTree = "<group>"; };
		C0D214582715CA5C000AD3D0 /* TartuTervishoid.json */ = {isa = PBXFileReference; fileEncoding = 4; lastKnownFileType = text.json; path = TartuTervishoid.json; sourceTree = "<group>"; };
		C0D2145A2715E773000AD3D0 /* TTÜ.json */ = {isa = PBXFileReference; fileEncoding = 4; lastKnownFileType = text.json; path = "TTÜ.json"; sourceTree = "<group>"; };
		C0D214C2271639EE000AD3D0 /* TLÜ.json */ = {isa = PBXFileReference; fileEncoding = 4; lastKnownFileType = text.json; path = "TLÜ.json"; sourceTree = "<group>"; };
		C0E7F7BB26B047BE00AAD132 /* City.swift */ = {isa = PBXFileReference; lastKnownFileType = sourcecode.swift; path = City.swift; sourceTree = "<group>"; };
		C0F476CE25C197140082A20F /* Array.swift */ = {isa = PBXFileReference; lastKnownFileType = sourcecode.swift; path = Array.swift; sourceTree = "<group>"; };
		C0F85B382A719D54007A65F7 /* GoogleService-Info.plist */ = {isa = PBXFileReference; fileEncoding = 4; lastKnownFileType = text.plist.xml; path = "GoogleService-Info.plist"; sourceTree = "<group>"; };
		C0F85B3B2A71B30A007A65F7 /* FirebaseManager.swift */ = {isa = PBXFileReference; lastKnownFileType = sourcecode.swift; path = FirebaseManager.swift; sourceTree = "<group>"; };
		C0F85B3D2A71BBD2007A65F7 /* Optional+Extension.swift */ = {isa = PBXFileReference; lastKnownFileType = sourcecode.swift; path = "Optional+Extension.swift"; sourceTree = "<group>"; };
		C0F85B442A73DA77007A65F7 /* CollegeListView.swift */ = {isa = PBXFileReference; lastKnownFileType = sourcecode.swift; path = CollegeListView.swift; sourceTree = "<group>"; };
		C0F85B462A73DADB007A65F7 /* CollegeView.swift */ = {isa = PBXFileReference; lastKnownFileType = sourcecode.swift; path = CollegeView.swift; sourceTree = "<group>"; };
		C0F85B482A73E243007A65F7 /* Text+Extension.swift */ = {isa = PBXFileReference; lastKnownFileType = sourcecode.swift; path = "Text+Extension.swift"; sourceTree = "<group>"; };
		C0F85B4B2A743482007A65F7 /* CollegeViewModel.swift */ = {isa = PBXFileReference; lastKnownFileType = sourcecode.swift; path = CollegeViewModel.swift; sourceTree = "<group>"; };
		C0F85B4D2A74FC17007A65F7 /* ImageManager.swift */ = {isa = PBXFileReference; lastKnownFileType = sourcecode.swift; path = ImageManager.swift; sourceTree = "<group>"; };
		C0F85B4F2A750E96007A65F7 /* DependencyManager.swift */ = {isa = PBXFileReference; lastKnownFileType = sourcecode.swift; path = DependencyManager.swift; sourceTree = "<group>"; };
		C0F85B512A753240007A65F7 /* EdgeInsets+Extension.swift */ = {isa = PBXFileReference; lastKnownFileType = sourcecode.swift; path = "EdgeInsets+Extension.swift"; sourceTree = "<group>"; };
		C0F85B532A77FA93007A65F7 /* MajorsView.swift */ = {isa = PBXFileReference; lastKnownFileType = sourcecode.swift; path = MajorsView.swift; sourceTree = "<group>"; };
		C0F85B552A781E3E007A65F7 /* UserDefaultsManager.swift */ = {isa = PBXFileReference; lastKnownFileType = sourcecode.swift; path = UserDefaultsManager.swift; sourceTree = "<group>"; };
		C0F85B572A782AE2007A65F7 /* MajorsViewModel.swift */ = {isa = PBXFileReference; lastKnownFileType = sourcecode.swift; path = MajorsViewModel.swift; sourceTree = "<group>"; };
		C0F85B622A7EA73E007A65F7 /* CollegeMajorView.swift */ = {isa = PBXFileReference; lastKnownFileType = sourcecode.swift; path = CollegeMajorView.swift; sourceTree = "<group>"; };
		C0F85B642A8000A3007A65F7 /* CollegeMajorViewModel.swift */ = {isa = PBXFileReference; lastKnownFileType = sourcecode.swift; path = CollegeMajorViewModel.swift; sourceTree = "<group>"; };
		C0F85B662A81249F007A65F7 /* EMU.json */ = {isa = PBXFileReference; fileEncoding = 4; lastKnownFileType = text.json; path = EMU.json; sourceTree = "<group>"; };
		C0F85B6A2A8392D4007A65F7 /* MarkerView.swift */ = {isa = PBXFileReference; fileEncoding = 4; lastKnownFileType = sourcecode.swift; name = MarkerView.swift; path = "Õpi Eestis/Views/MajorView/MarkerView.swift"; sourceTree = SOURCE_ROOT; };
/* End PBXFileReference section */

/* Begin PBXFrameworksBuildPhase section */
		C0460DC525AF0A8F00E4A15D /* Frameworks */ = {
			isa = PBXFrameworksBuildPhase;
			buildActionMask = 2147483647;
			files = (
				C0F85B432A71BCE7007A65F7 /* FirebaseFirestoreSwift in Frameworks */,
				C0F85B332A7195EB007A65F7 /* FirebaseAuth in Frameworks */,
				C0F85B352A7195EB007A65F7 /* FirebaseFirestore in Frameworks */,
				C0F85B412A71BCDA007A65F7 /* FirebaseDatabase in Frameworks */,
				C0F85B372A7195EB007A65F7 /* FirebaseStorage in Frameworks */,
			);
			runOnlyForDeploymentPostprocessing = 0;
		};
		C0460DD625AF0A9200E4A15D /* Frameworks */ = {
			isa = PBXFrameworksBuildPhase;
			buildActionMask = 2147483647;
			files = (
			);
			runOnlyForDeploymentPostprocessing = 0;
		};
		C0460DE125AF0A9200E4A15D /* Frameworks */ = {
			isa = PBXFrameworksBuildPhase;
			buildActionMask = 2147483647;
			files = (
			);
			runOnlyForDeploymentPostprocessing = 0;
		};
/* End PBXFrameworksBuildPhase section */

/* Begin PBXGroup section */
		C007DBA82773E8B8002F6BD6 /* Modules */ = {
			isa = PBXGroup;
			children = (
				C0B93FBC265271FD00CE9130 /* CourseView.swift */,
			);
			path = Modules;
			sourceTree = "<group>";
		};
		C007DBA92773E994002F6BD6 /* Favorites */ = {
			isa = PBXGroup;
			children = (
				C03EA8AB2747FC6D00E07782 /* FavoritesView.swift */,
				C0C59E172A8D4FD600423948 /* FavoritesViewModel.swift */,
			);
			path = Favorites;
			sourceTree = "<group>";
		};
		C007DBAB2773E9B9002F6BD6 /* Map */ = {
			isa = PBXGroup;
			children = (
				C056AFC127704C5C00D4F9CA /* MapView.swift */,
				C0C59E292AA247C600423948 /* ClusteredMapView.swift */,
				C0C59E252AA2474E00423948 /* CollegeClusterView.swift */,
				C0C59E272AA2478300423948 /* CollegeAnnotationView.swift */,
			);
			path = Map;
			sourceTree = "<group>";
		};
		C019A7592AE967BC0001317C /* SpotifyView */ = {
			isa = PBXGroup;
			children = (
				C019A7572AE967B80001317C /* SpotifyView.swift */,
			);
			path = SpotifyView;
			sourceTree = "<group>";
		};
		C032998F25CC8CB600EB7862 /* Objects */ = {
			isa = PBXGroup;
			children = (
				C03EA88C274453AC00E07782 /* OEAppearance.swift */,
				C032998725CC196100EB7862 /* Language.swift */,
				C032995A25CC180900EB7862 /* Location.swift */,
				C0518903274BE5AD00C4F352 /* Personnel.swift */,
				C032997125CC18CE00EB7862 /* Requirements.swift */,
				C0C59E2B2AA25FFE00423948 /* Palette.swift */,
				C0C59E2D2AA2601E00423948 /* Link.swift */,
				C032995225CC17A100EB7862 /* College.swift */,
				C0E7F7BB26B047BE00AAD132 /* City.swift */,
				C0C59E2F2AA2613900423948 /* Module.swift */,
				C0C59E312AA2614B00423948 /* Submodule.swift */,
				C0C59E332AA2615E00423948 /* SubSubModule.swift */,
				C0C59E352AA2616E00423948 /* Course.swift */,
				C0C59E372AA2618600423948 /* Currency.swift */,
				C0C59E392AA261BD00423948 /* Interval.swift */,
				C06ED5D726AAEDED00E5812A /* Cost.swift */,
				C032997A25CC192D00EB7862 /* Level.swift */,
				C032995F25CC187100EB7862 /* Major.swift */,
			);
			path = Objects;
			sourceTree = "<group>";
		};
		C039486426279BAD004D5F00 /* ContentView */ = {
			isa = PBXGroup;
			children = (
				C039486526279BC0004D5F00 /* ContentViewModel.swift */,
				C0460E0B25AF0C2600E4A15D /* ContentView.swift */,
			);
			path = ContentView;
			sourceTree = "<group>";
		};
		C041550D2AC8532A00858055 /* CollegeMapView */ = {
			isa = PBXGroup;
			children = (
				C041550E2AC8535300858055 /* CollegeMapView.swift */,
				C04CFC1A2AC99194001CB1CD /* CollegeMapViewModel.swift */,
			);
			path = CollegeMapView;
			sourceTree = "<group>";
		};
		C0460DBF25AF0A8E00E4A15D = {
			isa = PBXGroup;
			children = (
				C0F85B3A2A71B2FE007A65F7 /* Managers */,
				C0755B9727182B820045F6DC /* JSON */,
				C0460DCA25AF0A8F00E4A15D /* Õpi Eestis */,
				C0460DDC25AF0A9200E4A15D /* Õpi EestisTests */,
				C0460DE725AF0A9200E4A15D /* Õpi EestisUITests */,
				C0460DC925AF0A8F00E4A15D /* Products */,
			);
			sourceTree = "<group>";
		};
		C0460DC925AF0A8F00E4A15D /* Products */ = {
			isa = PBXGroup;
			children = (
				C0460DC825AF0A8F00E4A15D /* Õpi Eestis.app */,
				C0460DD925AF0A9200E4A15D /* Õpi EestisTests.xctest */,
				C0460DE425AF0A9200E4A15D /* Õpi EestisUITests.xctest */,
			);
			name = Products;
			sourceTree = "<group>";
		};
		C0460DCA25AF0A8F00E4A15D /* Õpi Eestis */ = {
			isa = PBXGroup;
			children = (
				C0460E4B25AF0DCF00E4A15D /* Extensions */,
				C032998F25CC8CB600EB7862 /* Objects */,
				C0460E2625AF0D0E00E4A15D /* Views */,
				C0244EE1265DA485009C909A /* CoreData.xcdatamodeld */,
				C0460DD425AF0A9200E4A15D /* Info.plist */,
				C0F85B382A719D54007A65F7 /* GoogleService-Info.plist */,
				C0460DCF25AF0A9200E4A15D /* Assets.xcassets */,
				C0460DD125AF0A9200E4A15D /* Preview Content */,
			);
			path = "Õpi Eestis";
			sourceTree = "<group>";
		};
		C0460DD125AF0A9200E4A15D /* Preview Content */ = {
			isa = PBXGroup;
			children = (
				C0460DD225AF0A9200E4A15D /* Preview Assets.xcassets */,
			);
			path = "Preview Content";
			sourceTree = "<group>";
		};
		C0460DDC25AF0A9200E4A15D /* Õpi EestisTests */ = {
			isa = PBXGroup;
			children = (
				C0460DDD25AF0A9200E4A15D /* O_pi_EestisTests.swift */,
				C0460DDF25AF0A9200E4A15D /* Info.plist */,
			);
			path = "Õpi EestisTests";
			sourceTree = "<group>";
		};
		C0460DE725AF0A9200E4A15D /* Õpi EestisUITests */ = {
			isa = PBXGroup;
			children = (
				C0460DE825AF0A9200E4A15D /* O_pi_EestisUITests.swift */,
				C0460DEA25AF0A9200E4A15D /* Info.plist */,
			);
			path = "Õpi EestisUITests";
			sourceTree = "<group>";
		};
		C0460E2625AF0D0E00E4A15D /* Views */ = {
			isa = PBXGroup;
			children = (
				C019A7592AE967BC0001317C /* SpotifyView */,
				C0CE18A22AE8395E008288F2 /* VimeoView */,
				C0CE189F2AE8134C008288F2 /* YoutubeView */,
				C041550D2AC8532A00858055 /* CollegeMapView */,
				C0C59E412AA8E21E00423948 /* ProfileView */,
				C0460E2725AF0D2200E4A15D /* CollegeListView */,
				C0F85B4A2A743469007A65F7 /* CollegeView */,
				C039486426279BAD004D5F00 /* ContentView */,
				C06ED5D326AAB4F800E5812A /* CoreViews */,
				C0460E3125AF0D6200E4A15D /* Custom Views */,
				C007DBA92773E994002F6BD6 /* Favorites */,
				C06ED5D426AAB56100E5812A /* MajorsView */,
				C0460E6525AF0E6700E4A15D /* MajorView */,
				C007DBAB2773E9B9002F6BD6 /* Map */,
				C007DBA82773E8B8002F6BD6 /* Modules */,
			);
			path = Views;
			sourceTree = "<group>";
		};
		C0460E2725AF0D2200E4A15D /* CollegeListView */ = {
			isa = PBXGroup;
			children = (
				C0F85B442A73DA77007A65F7 /* CollegeListView.swift */,
				C0C59E152A8A5DC100423948 /* CollegeListViewModel.swift */,
			);
			path = CollegeListView;
			sourceTree = "<group>";
		};
		C0460E3125AF0D6200E4A15D /* Custom Views */ = {
			isa = PBXGroup;
			children = (
				C0460E3625AF0D8A00E4A15D /* Mail.swift */,
				C09868922766F0DA00C18C44 /* Chevron.swift */,
				C0460E6825AF0E8100E4A15D /* Mariah.swift */,
				C007DB8627718EF9002F6BD6 /* Logo.swift */,
				C0B6D17B2AB639CB009218FC /* BackButton.swift */,
				C0B6D17D2AB64838009218FC /* Header.swift */,
				C0CE189D2AE7F0EC008288F2 /* AppPrincipal.swift */,
			);
			path = "Custom Views";
			sourceTree = "<group>";
		};
		C0460E4B25AF0DCF00E4A15D /* Extensions */ = {
			isa = PBXGroup;
			children = (
				C0460E4C25AF0DDD00E4A15D /* Button Configure.swift */,
				C0460E4E25AF0DDD00E4A15D /* View.swift */,
				C0460EB725AF113300E4A15D /* Color.swift */,
				C018106E25C049530026A86F /* Double.swift */,
				C0F476CE25C197140082A20F /* Array.swift */,
				C01B642A25C860B2004D144F /* LinearGradient.swift */,
				C0BFA255272D40E40025BD1E /* UINavigationController.swift */,
				C007DB882771918B002F6BD6 /* Environment.swift */,
				C0F85B3D2A71BBD2007A65F7 /* Optional+Extension.swift */,
				C0F85B482A73E243007A65F7 /* Text+Extension.swift */,
				C0F85B512A753240007A65F7 /* EdgeInsets+Extension.swift */,
				C0C59E192A90C69500423948 /* Sequence+Extension.swift */,
				C0C59E1D2AA1268900423948 /* MKMapSnapshotter+Extension.swift */,
				C0C59E462AB4A45400423948 /* String+Extensions.swift */,
			);
			path = Extensions;
			sourceTree = "<group>";
		};
		C0460E6525AF0E6700E4A15D /* MajorView */ = {
			isa = PBXGroup;
			children = (
				C0F85B6A2A8392D4007A65F7 /* MarkerView.swift */,
				C0F85B622A7EA73E007A65F7 /* CollegeMajorView.swift */,
				C0F85B642A8000A3007A65F7 /* CollegeMajorViewModel.swift */,
				C0C59E442AAA083900423948 /* CollegeMajorView+Objects.swift */,
			);
			path = MajorView;
			sourceTree = "<group>";
		};
		C06ED5D326AAB4F800E5812A /* CoreViews */ = {
			isa = PBXGroup;
			children = (
				C0460DCB25AF0A8F00E4A15D /* OpiEestisApp.swift */,
			);
			path = CoreViews;
			sourceTree = "<group>";
		};
		C06ED5D426AAB56100E5812A /* MajorsView */ = {
			isa = PBXGroup;
			children = (
				C0F85B532A77FA93007A65F7 /* MajorsView.swift */,
				C0F85B572A782AE2007A65F7 /* MajorsViewModel.swift */,
			);
			path = MajorsView;
			sourceTree = "<group>";
		};
		C0755B9727182B820045F6DC /* JSON */ = {
			isa = PBXGroup;
			children = (
				C0D214422715B688000AD3D0 /* TallinnaTervishoid.json */,
				C0D214502715C74D000AD3D0 /* EBS.json */,
				C0D2145A2715E773000AD3D0 /* TTÜ.json */,
				C0D214C2271639EE000AD3D0 /* TLÜ.json */,
				C0755B95271793050045F6DC /* TÜ.json */,
				C0D214492715C146000AD3D0 /* Mainor.json */,
				C0D214542715C894000AD3D0 /* Muusikaakadeemia.json */,
				C0F85B662A81249F007A65F7 /* EMU.json */,
				C0D214522715C7D4000AD3D0 /* Kaitsevägi.json */,
				C0D214562715C939000AD3D0 /* Sisekaitseakadeemia.json */,
				C0D214482715C145000AD3D0 /* Lennuakadeemia.json */,
				C0D214472715C144000AD3D0 /* Kunstiakadeemia.json */,
				C0D214582715CA5C000AD3D0 /* TartuTervishoid.json */,
				C0D214462715C143000AD3D0 /* Pallas.json */,
				C0D2144A2715C147000AD3D0 /* TTK.json */,
				C061A35A2AC49184003D8D01 /* TallinnaMajanduskool.json */,
				C041550B2AC5BE8500858055 /* IdaVirumaaKutsehariduskeskus.json */,
			);
			path = JSON;
			sourceTree = "<group>";
		};
		C0C59E412AA8E21E00423948 /* ProfileView */ = {
			isa = PBXGroup;
			children = (
				C0460E0625AF0C2600E4A15D /* AboutView.swift */,
				C0C59E422AA8E23100423948 /* ProfileView.swift */,
			);
			path = ProfileView;
			sourceTree = "<group>";
		};
		C0CE189F2AE8134C008288F2 /* YoutubeView */ = {
			isa = PBXGroup;
			children = (
				C0CE18A02AE81364008288F2 /* YoutubeView.swift */,
			);
			name = YoutubeView;
			sourceTree = "<group>";
		};
		C0CE18A22AE8395E008288F2 /* VimeoView */ = {
			isa = PBXGroup;
			children = (
				C0CE18A32AE8397D008288F2 /* VimeoView.swift */,
			);
			path = VimeoView;
			sourceTree = "<group>";
		};
		C0F85B3A2A71B2FE007A65F7 /* Managers */ = {
			isa = PBXGroup;
			children = (
				C0F85B3B2A71B30A007A65F7 /* FirebaseManager.swift */,
				C0F85B4D2A74FC17007A65F7 /* ImageManager.swift */,
				C0F85B4F2A750E96007A65F7 /* DependencyManager.swift */,
				C0C59E3F2AA8D5BE00423948 /* MapServiceManager.swift */,
				C0F85B552A781E3E007A65F7 /* UserDefaultsManager.swift */,
				C0C59E132A8A5CC800423948 /* PathManager.swift */,
				C0C59E3D2AA8D59600423948 /* NetworkManager.swift */,
				C0B6D1792AB6273E009218FC /* Theme.swift */,
			);
			path = Managers;
			sourceTree = "<group>";
		};
		C0F85B4A2A743469007A65F7 /* CollegeView */ = {
			isa = PBXGroup;
			children = (
				C0F85B462A73DADB007A65F7 /* CollegeView.swift */,
				C0C59E232AA1289100423948 /* CollegeView.Buttons.swift */,
				C0C59E1F2AA1280000423948 /* CollegeView.Headers.swift */,
				C0C59E212AA1284400423948 /* CollegeView.Cells.swift */,
				C0F85B4B2A743482007A65F7 /* CollegeViewModel.swift */,
			);
			path = CollegeView;
			sourceTree = "<group>";
		};
/* End PBXGroup section */

/* Begin PBXNativeTarget section */
		C0460DC725AF0A8F00E4A15D /* Õpi Eestis */ = {
			isa = PBXNativeTarget;
			buildConfigurationList = C0460DED25AF0A9200E4A15D /* Build configuration list for PBXNativeTarget "Õpi Eestis" */;
			buildPhases = (
				C0460DC425AF0A8F00E4A15D /* Sources */,
				C0460DC525AF0A8F00E4A15D /* Frameworks */,
				C0460DC625AF0A8F00E4A15D /* Resources */,
			);
			buildRules = (
			);
			dependencies = (
			);
			name = "Õpi Eestis";
			packageProductDependencies = (
				C0F85B322A7195EB007A65F7 /* FirebaseAuth */,
				C0F85B342A7195EB007A65F7 /* FirebaseFirestore */,
				C0F85B362A7195EB007A65F7 /* FirebaseStorage */,
				C0F85B402A71BCDA007A65F7 /* FirebaseDatabase */,
				C0F85B422A71BCE7007A65F7 /* FirebaseFirestoreSwift */,
			);
			productName = "Õpi Eestis";
			productReference = C0460DC825AF0A8F00E4A15D /* Õpi Eestis.app */;
			productType = "com.apple.product-type.application";
		};
		C0460DD825AF0A9200E4A15D /* Õpi EestisTests */ = {
			isa = PBXNativeTarget;
			buildConfigurationList = C0460DF025AF0A9200E4A15D /* Build configuration list for PBXNativeTarget "Õpi EestisTests" */;
			buildPhases = (
				C0460DD525AF0A9200E4A15D /* Sources */,
				C0460DD625AF0A9200E4A15D /* Frameworks */,
				C0460DD725AF0A9200E4A15D /* Resources */,
			);
			buildRules = (
			);
			dependencies = (
				C0460DDB25AF0A9200E4A15D /* PBXTargetDependency */,
			);
			name = "Õpi EestisTests";
			productName = "Õpi EestisTests";
			productReference = C0460DD925AF0A9200E4A15D /* Õpi EestisTests.xctest */;
			productType = "com.apple.product-type.bundle.unit-test";
		};
		C0460DE325AF0A9200E4A15D /* Õpi EestisUITests */ = {
			isa = PBXNativeTarget;
			buildConfigurationList = C0460DF325AF0A9200E4A15D /* Build configuration list for PBXNativeTarget "Õpi EestisUITests" */;
			buildPhases = (
				C0460DE025AF0A9200E4A15D /* Sources */,
				C0460DE125AF0A9200E4A15D /* Frameworks */,
				C0460DE225AF0A9200E4A15D /* Resources */,
			);
			buildRules = (
			);
			dependencies = (
				C0460DE625AF0A9200E4A15D /* PBXTargetDependency */,
			);
			name = "Õpi EestisUITests";
			productName = "Õpi EestisUITests";
			productReference = C0460DE425AF0A9200E4A15D /* Õpi EestisUITests.xctest */;
			productType = "com.apple.product-type.bundle.ui-testing";
		};
/* End PBXNativeTarget section */

/* Begin PBXProject section */
		C0460DC025AF0A8E00E4A15D /* Project object */ = {
			isa = PBXProject;
			attributes = {
				BuildIndependentTargetsInParallel = YES;
				LastSwiftUpdateCheck = 1230;
				LastUpgradeCheck = 1430;
				TargetAttributes = {
					C0460DC725AF0A8F00E4A15D = {
						CreatedOnToolsVersion = 12.3;
					};
					C0460DD825AF0A9200E4A15D = {
						CreatedOnToolsVersion = 12.3;
						TestTargetID = C0460DC725AF0A8F00E4A15D;
					};
					C0460DE325AF0A9200E4A15D = {
						CreatedOnToolsVersion = 12.3;
						TestTargetID = C0460DC725AF0A8F00E4A15D;
					};
				};
			};
			buildConfigurationList = C0460DC325AF0A8E00E4A15D /* Build configuration list for PBXProject "Õpi Eestis" */;
			compatibilityVersion = "Xcode 9.3";
			developmentRegion = en;
			hasScannedForEncodings = 0;
			knownRegions = (
				en,
				Base,
			);
			mainGroup = C0460DBF25AF0A8E00E4A15D;
			packageReferences = (
				C0F85B312A7195EB007A65F7 /* XCRemoteSwiftPackageReference "firebase-ios-sdk" */,
			);
			productRefGroup = C0460DC925AF0A8F00E4A15D /* Products */;
			projectDirPath = "";
			projectRoot = "";
			targets = (
				C0460DC725AF0A8F00E4A15D /* Õpi Eestis */,
				C0460DD825AF0A9200E4A15D /* Õpi EestisTests */,
				C0460DE325AF0A9200E4A15D /* Õpi EestisUITests */,
			);
		};
/* End PBXProject section */

/* Begin PBXResourcesBuildPhase section */
		C0460DC625AF0A8F00E4A15D /* Resources */ = {
			isa = PBXResourcesBuildPhase;
			buildActionMask = 2147483647;
			files = (
				C0D2144F2715C147000AD3D0 /* TTK.json in Resources */,
				C0F85B392A719D54007A65F7 /* GoogleService-Info.plist in Resources */,
				C0D2144D2715C147000AD3D0 /* Lennuakadeemia.json in Resources */,
				C0D2144E2715C147000AD3D0 /* Mainor.json in Resources */,
				C0D2144C2715C147000AD3D0 /* Kunstiakadeemia.json in Resources */,
				C0D214512715C74D000AD3D0 /* EBS.json in Resources */,
				C041550C2AC5BE8500858055 /* IdaVirumaaKutsehariduskeskus.json in Resources */,
				C061A35B2AC49184003D8D01 /* TallinnaMajanduskool.json in Resources */,
				C0D214532715C7D4000AD3D0 /* Kaitsevägi.json in Resources */,
				C0460DD325AF0A9200E4A15D /* Preview Assets.xcassets in Resources */,
				C0F85B672A81249F007A65F7 /* EMU.json in Resources */,
				C0460DD025AF0A9200E4A15D /* Assets.xcassets in Resources */,
				C0D214572715C939000AD3D0 /* Sisekaitseakadeemia.json in Resources */,
				C0755B96271793050045F6DC /* TÜ.json in Resources */,
				C0D2145B2715E773000AD3D0 /* TTÜ.json in Resources */,
				C0D2144B2715C147000AD3D0 /* Pallas.json in Resources */,
				C0D214552715C894000AD3D0 /* Muusikaakadeemia.json in Resources */,
				C0D214432715B688000AD3D0 /* TallinnaTervishoid.json in Resources */,
				C0D214C3271639EF000AD3D0 /* TLÜ.json in Resources */,
				C0D214592715CA5C000AD3D0 /* TartuTervishoid.json in Resources */,
			);
			runOnlyForDeploymentPostprocessing = 0;
		};
		C0460DD725AF0A9200E4A15D /* Resources */ = {
			isa = PBXResourcesBuildPhase;
			buildActionMask = 2147483647;
			files = (
			);
			runOnlyForDeploymentPostprocessing = 0;
		};
		C0460DE225AF0A9200E4A15D /* Resources */ = {
			isa = PBXResourcesBuildPhase;
			buildActionMask = 2147483647;
			files = (
			);
			runOnlyForDeploymentPostprocessing = 0;
		};
/* End PBXResourcesBuildPhase section */

/* Begin PBXSourcesBuildPhase section */
		C0460DC425AF0A8F00E4A15D /* Sources */ = {
			isa = PBXSourcesBuildPhase;
			buildActionMask = 2147483647;
			files = (
				C0518904274BE5AD00C4F352 /* Personnel.swift in Sources */,
				C0C59E142A8A5CC800423948 /* PathManager.swift in Sources */,
				C0CE189E2AE7F0EC008288F2 /* AppPrincipal.swift in Sources */,
				C0C59E222AA1284400423948 /* CollegeView.Cells.swift in Sources */,
				C0F85B502A750E96007A65F7 /* DependencyManager.swift in Sources */,
				C0C59E322AA2614B00423948 /* Submodule.swift in Sources */,
				C0460E3F25AF0D8A00E4A15D /* Mail.swift in Sources */,
				C056AFC227704C5C00D4F9CA /* MapView.swift in Sources */,
				C0C59E3E2AA8D59600423948 /* NetworkManager.swift in Sources */,
				C0460E1225AF0C2700E4A15D /* AboutView.swift in Sources */,
				C0F85B522A753240007A65F7 /* EdgeInsets+Extension.swift in Sources */,
				C032995B25CC180900EB7862 /* Location.swift in Sources */,
				C0B93FBD265271FD00CE9130 /* CourseView.swift in Sources */,
				C0460E5125AF0DDD00E4A15D /* View.swift in Sources */,
				C0F85B4E2A74FC17007A65F7 /* ImageManager.swift in Sources */,
				C0C59E3A2AA261BD00423948 /* Interval.swift in Sources */,
				C0F85B4C2A743482007A65F7 /* CollegeViewModel.swift in Sources */,
				C032997225CC18CE00EB7862 /* Requirements.swift in Sources */,
				C018106F25C049530026A86F /* Double.swift in Sources */,
				C0F85B542A77FA93007A65F7 /* MajorsView.swift in Sources */,
				C0C59E402AA8D5BE00423948 /* MapServiceManager.swift in Sources */,
				C0F85B492A73E243007A65F7 /* Text+Extension.swift in Sources */,
				C0F85B6B2A8392D4007A65F7 /* MarkerView.swift in Sources */,
				C0460E7025AF0E8100E4A15D /* Mariah.swift in Sources */,
				C0C59E382AA2618600423948 /* Currency.swift in Sources */,
				C039486626279BC0004D5F00 /* ContentViewModel.swift in Sources */,
				C0C59E262AA2474E00423948 /* CollegeClusterView.swift in Sources */,
				C03EA88D274453AC00E07782 /* OEAppearance.swift in Sources */,
				C007DB8727718EF9002F6BD6 /* Logo.swift in Sources */,
				C0460EB825AF113300E4A15D /* Color.swift in Sources */,
				C0C59E2E2AA2601E00423948 /* Link.swift in Sources */,
				C0244EE3265DA485009C909A /* CoreData.xcdatamodeld in Sources */,
				C0F85B3C2A71B30A007A65F7 /* FirebaseManager.swift in Sources */,
				C0C59E2C2AA25FFE00423948 /* Palette.swift in Sources */,
				C0F85B632A7EA73E007A65F7 /* CollegeMajorView.swift in Sources */,
				C0460E1725AF0C2700E4A15D /* ContentView.swift in Sources */,
				C0CE18A12AE81364008288F2 /* YoutubeView.swift in Sources */,
				C0C59E1A2A90C69500423948 /* Sequence+Extension.swift in Sources */,
				C0B6D17A2AB6273E009218FC /* Theme.swift in Sources */,
				C0F85B562A781E3E007A65F7 /* UserDefaultsManager.swift in Sources */,
				C032998825CC196100EB7862 /* Language.swift in Sources */,
				C0F85B652A8000A3007A65F7 /* CollegeMajorViewModel.swift in Sources */,
				C041550F2AC8535300858055 /* CollegeMapView.swift in Sources */,
				C0C59E432AA8E23100423948 /* ProfileView.swift in Sources */,
				C01B642B25C860B2004D144F /* LinearGradient.swift in Sources */,
				C0F476CF25C197140082A20F /* Array.swift in Sources */,
				C0C59E282AA2478300423948 /* CollegeAnnotationView.swift in Sources */,
				C0C59E342AA2615E00423948 /* SubSubModule.swift in Sources */,
				C0C59E1E2AA1268900423948 /* MKMapSnapshotter+Extension.swift in Sources */,
				C0F85B3E2A71BBD2007A65F7 /* Optional+Extension.swift in Sources */,
				C0BFA256272D40E40025BD1E /* UINavigationController.swift in Sources */,
				C09868932766F0DA00C18C44 /* Chevron.swift in Sources */,
				C007DB892771918B002F6BD6 /* Environment.swift in Sources */,
				C019A7582AE967B80001317C /* SpotifyView.swift in Sources */,
				C0CE18A42AE8397D008288F2 /* VimeoView.swift in Sources */,
				C04CFC1B2AC99194001CB1CD /* CollegeMapViewModel.swift in Sources */,
				C0F85B452A73DA77007A65F7 /* CollegeListView.swift in Sources */,
				C032996025CC187100EB7862 /* Major.swift in Sources */,
				C0C59E242AA1289100423948 /* CollegeView.Buttons.swift in Sources */,
				C0C59E472AB4A45400423948 /* String+Extensions.swift in Sources */,
				C0460E4F25AF0DDD00E4A15D /* Button Configure.swift in Sources */,
				C03EA8AC2747FC6D00E07782 /* FavoritesView.swift in Sources */,
				C0C59E362AA2616E00423948 /* Course.swift in Sources */,
				C0C59E202AA1280000423948 /* CollegeView.Headers.swift in Sources */,
				C032997B25CC192D00EB7862 /* Level.swift in Sources */,
				C0F85B582A782AE2007A65F7 /* MajorsViewModel.swift in Sources */,
				C0C59E302AA2613900423948 /* Module.swift in Sources */,
				C0C59E452AAA083900423948 /* CollegeMajorView+Objects.swift in Sources */,
				C0C59E2A2AA247C600423948 /* ClusteredMapView.swift in Sources */,
				C0B6D17C2AB639CB009218FC /* BackButton.swift in Sources */,
				C0B6D17E2AB64838009218FC /* Header.swift in Sources */,
				C032995325CC17A100EB7862 /* College.swift in Sources */,
				C0C59E182A8D4FD600423948 /* FavoritesViewModel.swift in Sources */,
				C06ED5D826AAEDED00E5812A /* Cost.swift in Sources */,
				C0C59E162A8A5DC100423948 /* CollegeListViewModel.swift in Sources */,
				C0E7F7BC26B047BE00AAD132 /* City.swift in Sources */,
				C0F85B472A73DADB007A65F7 /* CollegeView.swift in Sources */,
				C0460DCC25AF0A8F00E4A15D /* OpiEestisApp.swift in Sources */,
			);
			runOnlyForDeploymentPostprocessing = 0;
		};
		C0460DD525AF0A9200E4A15D /* Sources */ = {
			isa = PBXSourcesBuildPhase;
			buildActionMask = 2147483647;
			files = (
				C0460DDE25AF0A9200E4A15D /* O_pi_EestisTests.swift in Sources */,
			);
			runOnlyForDeploymentPostprocessing = 0;
		};
		C0460DE025AF0A9200E4A15D /* Sources */ = {
			isa = PBXSourcesBuildPhase;
			buildActionMask = 2147483647;
			files = (
				C0460DE925AF0A9200E4A15D /* O_pi_EestisUITests.swift in Sources */,
			);
			runOnlyForDeploymentPostprocessing = 0;
		};
/* End PBXSourcesBuildPhase section */

/* Begin PBXTargetDependency section */
		C0460DDB25AF0A9200E4A15D /* PBXTargetDependency */ = {
			isa = PBXTargetDependency;
			target = C0460DC725AF0A8F00E4A15D /* Õpi Eestis */;
			targetProxy = C0460DDA25AF0A9200E4A15D /* PBXContainerItemProxy */;
		};
		C0460DE625AF0A9200E4A15D /* PBXTargetDependency */ = {
			isa = PBXTargetDependency;
			target = C0460DC725AF0A8F00E4A15D /* Õpi Eestis */;
			targetProxy = C0460DE525AF0A9200E4A15D /* PBXContainerItemProxy */;
		};
/* End PBXTargetDependency section */

/* Begin XCBuildConfiguration section */
		C0460DEB25AF0A9200E4A15D /* Debug */ = {
			isa = XCBuildConfiguration;
			buildSettings = {
				ALWAYS_SEARCH_USER_PATHS = NO;
				CLANG_ANALYZER_NONNULL = YES;
				CLANG_ANALYZER_NUMBER_OBJECT_CONVERSION = YES_AGGRESSIVE;
				CLANG_CXX_LANGUAGE_STANDARD = "gnu++14";
				CLANG_CXX_LIBRARY = "libc++";
				CLANG_ENABLE_MODULES = YES;
				CLANG_ENABLE_OBJC_ARC = YES;
				CLANG_ENABLE_OBJC_WEAK = YES;
				CLANG_WARN_BLOCK_CAPTURE_AUTORELEASING = YES;
				CLANG_WARN_BOOL_CONVERSION = YES;
				CLANG_WARN_COMMA = YES;
				CLANG_WARN_CONSTANT_CONVERSION = YES;
				CLANG_WARN_DEPRECATED_OBJC_IMPLEMENTATIONS = YES;
				CLANG_WARN_DIRECT_OBJC_ISA_USAGE = YES_ERROR;
				CLANG_WARN_DOCUMENTATION_COMMENTS = YES;
				CLANG_WARN_EMPTY_BODY = YES;
				CLANG_WARN_ENUM_CONVERSION = YES;
				CLANG_WARN_INFINITE_RECURSION = YES;
				CLANG_WARN_INT_CONVERSION = YES;
				CLANG_WARN_NON_LITERAL_NULL_CONVERSION = YES;
				CLANG_WARN_OBJC_IMPLICIT_RETAIN_SELF = YES;
				CLANG_WARN_OBJC_LITERAL_CONVERSION = YES;
				CLANG_WARN_OBJC_ROOT_CLASS = YES_ERROR;
				CLANG_WARN_QUOTED_INCLUDE_IN_FRAMEWORK_HEADER = YES;
				CLANG_WARN_RANGE_LOOP_ANALYSIS = YES;
				CLANG_WARN_STRICT_PROTOTYPES = YES;
				CLANG_WARN_SUSPICIOUS_MOVE = YES;
				CLANG_WARN_UNGUARDED_AVAILABILITY = YES_AGGRESSIVE;
				CLANG_WARN_UNREACHABLE_CODE = YES;
				CLANG_WARN__DUPLICATE_METHOD_MATCH = YES;
				COPY_PHASE_STRIP = NO;
				DEBUG_INFORMATION_FORMAT = dwarf;
				ENABLE_STRICT_OBJC_MSGSEND = YES;
				ENABLE_TESTABILITY = YES;
				GCC_C_LANGUAGE_STANDARD = gnu11;
				GCC_DYNAMIC_NO_PIC = NO;
				GCC_NO_COMMON_BLOCKS = YES;
				GCC_OPTIMIZATION_LEVEL = 0;
				GCC_PREPROCESSOR_DEFINITIONS = (
					"DEBUG=1",
					"$(inherited)",
				);
				GCC_WARN_64_TO_32_BIT_CONVERSION = YES;
				GCC_WARN_ABOUT_RETURN_TYPE = YES_ERROR;
				GCC_WARN_UNDECLARED_SELECTOR = YES;
				GCC_WARN_UNINITIALIZED_AUTOS = YES_AGGRESSIVE;
				GCC_WARN_UNUSED_FUNCTION = YES;
				GCC_WARN_UNUSED_VARIABLE = YES;
				IPHONEOS_DEPLOYMENT_TARGET = 16.4;
				MTL_ENABLE_DEBUG_INFO = INCLUDE_SOURCE;
				MTL_FAST_MATH = YES;
				ONLY_ACTIVE_ARCH = YES;
				SDKROOT = iphoneos;
				SWIFT_ACTIVE_COMPILATION_CONDITIONS = DEBUG;
				SWIFT_OPTIMIZATION_LEVEL = "-Onone";
			};
			name = Debug;
		};
		C0460DEC25AF0A9200E4A15D /* Release */ = {
			isa = XCBuildConfiguration;
			buildSettings = {
				ALWAYS_SEARCH_USER_PATHS = NO;
				CLANG_ANALYZER_NONNULL = YES;
				CLANG_ANALYZER_NUMBER_OBJECT_CONVERSION = YES_AGGRESSIVE;
				CLANG_CXX_LANGUAGE_STANDARD = "gnu++14";
				CLANG_CXX_LIBRARY = "libc++";
				CLANG_ENABLE_MODULES = YES;
				CLANG_ENABLE_OBJC_ARC = YES;
				CLANG_ENABLE_OBJC_WEAK = YES;
				CLANG_WARN_BLOCK_CAPTURE_AUTORELEASING = YES;
				CLANG_WARN_BOOL_CONVERSION = YES;
				CLANG_WARN_COMMA = YES;
				CLANG_WARN_CONSTANT_CONVERSION = YES;
				CLANG_WARN_DEPRECATED_OBJC_IMPLEMENTATIONS = YES;
				CLANG_WARN_DIRECT_OBJC_ISA_USAGE = YES_ERROR;
				CLANG_WARN_DOCUMENTATION_COMMENTS = YES;
				CLANG_WARN_EMPTY_BODY = YES;
				CLANG_WARN_ENUM_CONVERSION = YES;
				CLANG_WARN_INFINITE_RECURSION = YES;
				CLANG_WARN_INT_CONVERSION = YES;
				CLANG_WARN_NON_LITERAL_NULL_CONVERSION = YES;
				CLANG_WARN_OBJC_IMPLICIT_RETAIN_SELF = YES;
				CLANG_WARN_OBJC_LITERAL_CONVERSION = YES;
				CLANG_WARN_OBJC_ROOT_CLASS = YES_ERROR;
				CLANG_WARN_QUOTED_INCLUDE_IN_FRAMEWORK_HEADER = YES;
				CLANG_WARN_RANGE_LOOP_ANALYSIS = YES;
				CLANG_WARN_STRICT_PROTOTYPES = YES;
				CLANG_WARN_SUSPICIOUS_MOVE = YES;
				CLANG_WARN_UNGUARDED_AVAILABILITY = YES_AGGRESSIVE;
				CLANG_WARN_UNREACHABLE_CODE = YES;
				CLANG_WARN__DUPLICATE_METHOD_MATCH = YES;
				COPY_PHASE_STRIP = NO;
				DEBUG_INFORMATION_FORMAT = "dwarf-with-dsym";
				ENABLE_NS_ASSERTIONS = NO;
				ENABLE_STRICT_OBJC_MSGSEND = YES;
				GCC_C_LANGUAGE_STANDARD = gnu11;
				GCC_NO_COMMON_BLOCKS = YES;
				GCC_WARN_64_TO_32_BIT_CONVERSION = YES;
				GCC_WARN_ABOUT_RETURN_TYPE = YES_ERROR;
				GCC_WARN_UNDECLARED_SELECTOR = YES;
				GCC_WARN_UNINITIALIZED_AUTOS = YES_AGGRESSIVE;
				GCC_WARN_UNUSED_FUNCTION = YES;
				GCC_WARN_UNUSED_VARIABLE = YES;
				IPHONEOS_DEPLOYMENT_TARGET = 16.4;
				MTL_ENABLE_DEBUG_INFO = NO;
				MTL_FAST_MATH = YES;
				SDKROOT = iphoneos;
				SWIFT_COMPILATION_MODE = wholemodule;
				SWIFT_OPTIMIZATION_LEVEL = "-O";
				VALIDATE_PRODUCT = YES;
			};
			name = Release;
		};
		C0460DEE25AF0A9200E4A15D /* Debug */ = {
			isa = XCBuildConfiguration;
			buildSettings = {
				ASSETCATALOG_COMPILER_APPICON_NAME = AppIcon;
				ASSETCATALOG_COMPILER_GLOBAL_ACCENT_COLOR_NAME = AccentColor;
				CODE_SIGN_STYLE = Automatic;
				CURRENT_PROJECT_VERSION = 11;
				DEVELOPMENT_ASSET_PATHS = "\"Õpi Eestis/Preview Content\"";
				DEVELOPMENT_TEAM = Q6B2DLVPJB;
				ENABLE_PREVIEWS = YES;
				INFOPLIST_FILE = "Õpi Eestis/Info.plist";
				IPHONEOS_DEPLOYMENT_TARGET = 16.4;
				LD_RUNPATH_SEARCH_PATHS = (
					"$(inherited)",
					"@executable_path/Frameworks",
				);
				MARKETING_VERSION = 4.0;
				PRODUCT_BUNDLE_IDENTIFIER = "MARYVILLE.Estonian-Universities";
				PRODUCT_NAME = "$(TARGET_NAME)";
				SWIFT_ENABLE_BATCH_MODE = NO;
				SWIFT_VERSION = 5.0;
				"SYSTEM_FRAMEWORK_SEARCH_PATHS[arch=*]" = "$(inherited)";
				TARGETED_DEVICE_FAMILY = 1;
			};
			name = Debug;
		};
		C0460DEF25AF0A9200E4A15D /* Release */ = {
			isa = XCBuildConfiguration;
			buildSettings = {
				ASSETCATALOG_COMPILER_APPICON_NAME = AppIcon;
				ASSETCATALOG_COMPILER_GLOBAL_ACCENT_COLOR_NAME = AccentColor;
				CODE_SIGN_STYLE = Automatic;
				CURRENT_PROJECT_VERSION = 11;
				DEVELOPMENT_ASSET_PATHS = "\"Õpi Eestis/Preview Content\"";
				DEVELOPMENT_TEAM = Q6B2DLVPJB;
				ENABLE_PREVIEWS = YES;
				INFOPLIST_FILE = "Õpi Eestis/Info.plist";
				IPHONEOS_DEPLOYMENT_TARGET = 16.4;
				LD_RUNPATH_SEARCH_PATHS = (
					"$(inherited)",
					"@executable_path/Frameworks",
				);
				MARKETING_VERSION = 4.0;
				PRODUCT_BUNDLE_IDENTIFIER = "MARYVILLE.Estonian-Universities";
				PRODUCT_NAME = "$(TARGET_NAME)";
				SWIFT_ENABLE_BATCH_MODE = NO;
				SWIFT_VERSION = 5.0;
				"SYSTEM_FRAMEWORK_SEARCH_PATHS[arch=*]" = "$(inherited)";
				TARGETED_DEVICE_FAMILY = 1;
			};
			name = Release;
		};
		C0460DF125AF0A9200E4A15D /* Debug */ = {
			isa = XCBuildConfiguration;
			buildSettings = {
				ALWAYS_EMBED_SWIFT_STANDARD_LIBRARIES = YES;
				BUNDLE_LOADER = "$(TEST_HOST)";
				CODE_SIGN_STYLE = Automatic;
				DEVELOPMENT_TEAM = Q6B2DLVPJB;
				INFOPLIST_FILE = "Õpi EestisTests/Info.plist";
				IPHONEOS_DEPLOYMENT_TARGET = 14.0;
				LD_RUNPATH_SEARCH_PATHS = (
					"$(inherited)",
					"@executable_path/Frameworks",
					"@loader_path/Frameworks",
				);
				PRODUCT_BUNDLE_IDENTIFIER = "Wallester.O-pi-EestisTests";
				PRODUCT_NAME = "$(TARGET_NAME)";
				SWIFT_VERSION = 5.0;
				TARGETED_DEVICE_FAMILY = "1,2";
				TEST_HOST = "$(BUILT_PRODUCTS_DIR)/Õpi Eestis.app/Õpi Eestis";
			};
			name = Debug;
		};
		C0460DF225AF0A9200E4A15D /* Release */ = {
			isa = XCBuildConfiguration;
			buildSettings = {
				ALWAYS_EMBED_SWIFT_STANDARD_LIBRARIES = YES;
				BUNDLE_LOADER = "$(TEST_HOST)";
				CODE_SIGN_STYLE = Automatic;
				DEVELOPMENT_TEAM = Q6B2DLVPJB;
				INFOPLIST_FILE = "Õpi EestisTests/Info.plist";
				IPHONEOS_DEPLOYMENT_TARGET = 14.0;
				LD_RUNPATH_SEARCH_PATHS = (
					"$(inherited)",
					"@executable_path/Frameworks",
					"@loader_path/Frameworks",
				);
				PRODUCT_BUNDLE_IDENTIFIER = "Wallester.O-pi-EestisTests";
				PRODUCT_NAME = "$(TARGET_NAME)";
				SWIFT_VERSION = 5.0;
				TARGETED_DEVICE_FAMILY = "1,2";
				TEST_HOST = "$(BUILT_PRODUCTS_DIR)/Õpi Eestis.app/Õpi Eestis";
			};
			name = Release;
		};
		C0460DF425AF0A9200E4A15D /* Debug */ = {
			isa = XCBuildConfiguration;
			buildSettings = {
				ALWAYS_EMBED_SWIFT_STANDARD_LIBRARIES = YES;
				CODE_SIGN_STYLE = Automatic;
				DEVELOPMENT_TEAM = Q6B2DLVPJB;
				INFOPLIST_FILE = "Õpi EestisUITests/Info.plist";
				LD_RUNPATH_SEARCH_PATHS = (
					"$(inherited)",
					"@executable_path/Frameworks",
					"@loader_path/Frameworks",
				);
				PRODUCT_BUNDLE_IDENTIFIER = "Wallester.O-pi-EestisUITests";
				PRODUCT_NAME = "$(TARGET_NAME)";
				SWIFT_VERSION = 5.0;
				TARGETED_DEVICE_FAMILY = "1,2";
				TEST_TARGET_NAME = "Õpi Eestis";
			};
			name = Debug;
		};
		C0460DF525AF0A9200E4A15D /* Release */ = {
			isa = XCBuildConfiguration;
			buildSettings = {
				ALWAYS_EMBED_SWIFT_STANDARD_LIBRARIES = YES;
				CODE_SIGN_STYLE = Automatic;
				DEVELOPMENT_TEAM = Q6B2DLVPJB;
				INFOPLIST_FILE = "Õpi EestisUITests/Info.plist";
				LD_RUNPATH_SEARCH_PATHS = (
					"$(inherited)",
					"@executable_path/Frameworks",
					"@loader_path/Frameworks",
				);
				PRODUCT_BUNDLE_IDENTIFIER = "Wallester.O-pi-EestisUITests";
				PRODUCT_NAME = "$(TARGET_NAME)";
				SWIFT_VERSION = 5.0;
				TARGETED_DEVICE_FAMILY = "1,2";
				TEST_TARGET_NAME = "Õpi Eestis";
			};
			name = Release;
		};
/* End XCBuildConfiguration section */

/* Begin XCConfigurationList section */
		C0460DC325AF0A8E00E4A15D /* Build configuration list for PBXProject "Õpi Eestis" */ = {
			isa = XCConfigurationList;
			buildConfigurations = (
				C0460DEB25AF0A9200E4A15D /* Debug */,
				C0460DEC25AF0A9200E4A15D /* Release */,
			);
			defaultConfigurationIsVisible = 0;
			defaultConfigurationName = Release;
		};
		C0460DED25AF0A9200E4A15D /* Build configuration list for PBXNativeTarget "Õpi Eestis" */ = {
			isa = XCConfigurationList;
			buildConfigurations = (
				C0460DEE25AF0A9200E4A15D /* Debug */,
				C0460DEF25AF0A9200E4A15D /* Release */,
			);
			defaultConfigurationIsVisible = 0;
			defaultConfigurationName = Release;
		};
		C0460DF025AF0A9200E4A15D /* Build configuration list for PBXNativeTarget "Õpi EestisTests" */ = {
			isa = XCConfigurationList;
			buildConfigurations = (
				C0460DF125AF0A9200E4A15D /* Debug */,
				C0460DF225AF0A9200E4A15D /* Release */,
			);
			defaultConfigurationIsVisible = 0;
			defaultConfigurationName = Release;
		};
		C0460DF325AF0A9200E4A15D /* Build configuration list for PBXNativeTarget "Õpi EestisUITests" */ = {
			isa = XCConfigurationList;
			buildConfigurations = (
				C0460DF425AF0A9200E4A15D /* Debug */,
				C0460DF525AF0A9200E4A15D /* Release */,
			);
			defaultConfigurationIsVisible = 0;
			defaultConfigurationName = Release;
		};
/* End XCConfigurationList section */

/* Begin XCRemoteSwiftPackageReference section */
		C0F85B312A7195EB007A65F7 /* XCRemoteSwiftPackageReference "firebase-ios-sdk" */ = {
			isa = XCRemoteSwiftPackageReference;
			repositoryURL = "https://github.com/firebase/firebase-ios-sdk";
			requirement = {
				kind = upToNextMajorVersion;
				minimumVersion = 10.0.0;
			};
		};
/* End XCRemoteSwiftPackageReference section */

/* Begin XCSwiftPackageProductDependency section */
		C0F85B322A7195EB007A65F7 /* FirebaseAuth */ = {
			isa = XCSwiftPackageProductDependency;
			package = C0F85B312A7195EB007A65F7 /* XCRemoteSwiftPackageReference "firebase-ios-sdk" */;
			productName = FirebaseAuth;
		};
		C0F85B342A7195EB007A65F7 /* FirebaseFirestore */ = {
			isa = XCSwiftPackageProductDependency;
			package = C0F85B312A7195EB007A65F7 /* XCRemoteSwiftPackageReference "firebase-ios-sdk" */;
			productName = FirebaseFirestore;
		};
		C0F85B362A7195EB007A65F7 /* FirebaseStorage */ = {
			isa = XCSwiftPackageProductDependency;
			package = C0F85B312A7195EB007A65F7 /* XCRemoteSwiftPackageReference "firebase-ios-sdk" */;
			productName = FirebaseStorage;
		};
		C0F85B402A71BCDA007A65F7 /* FirebaseDatabase */ = {
			isa = XCSwiftPackageProductDependency;
			package = C0F85B312A7195EB007A65F7 /* XCRemoteSwiftPackageReference "firebase-ios-sdk" */;
			productName = FirebaseDatabase;
		};
		C0F85B422A71BCE7007A65F7 /* FirebaseFirestoreSwift */ = {
			isa = XCSwiftPackageProductDependency;
			package = C0F85B312A7195EB007A65F7 /* XCRemoteSwiftPackageReference "firebase-ios-sdk" */;
			productName = FirebaseFirestoreSwift;
		};
/* End XCSwiftPackageProductDependency section */

/* Begin XCVersionGroup section */
		C0244EE1265DA485009C909A /* CoreData.xcdatamodeld */ = {
			isa = XCVersionGroup;
			children = (
				C0244EE2265DA485009C909A /* CoreData.xcdatamodel */,
			);
			currentVersion = C0244EE2265DA485009C909A /* CoreData.xcdatamodel */;
			path = CoreData.xcdatamodeld;
			sourceTree = "<group>";
			versionGroupType = wrapper.xcdatamodel;
		};
/* End XCVersionGroup section */
	};
	rootObject = C0460DC025AF0A8E00E4A15D /* Project object */;
}
